
Microsoft Visual Studio Solution File, Format Version 12.00
# Visual Studio Version 16
VisualStudioVersion = 16.0.29306.81
MinimumVisualStudioVersion = 10.0.40219.1
Project("{9A19103F-16F7-4668-BE54-9A1E7A4F7556}") = "ConsoleApp", "ConsoleApp\ConsoleApp.csproj", "{159751A7-3DA6-45C2-AC05-A5F0AA4C6040}"
EndProject
Project("{FAE04EC0-301F-11D3-BF4B-00C04F79EFBC}") = "Calculator", "Calculator\Lab1\Calculator.csproj", "{E86FD11D-9EB3-43A2-B76C-F07C148DFB8F}"
EndProject
Project("{FAE04EC0-301F-11D3-BF4B-00C04F79EFBC}") = "FunctionSolver", "ComboBox+ListBox\ComboBox+ListBox\FunctionSolver.csproj", "{7F86EBC1-AC95-4AFE-9A4A-105EC14C0A5E}"
EndProject
Project("{FAE04EC0-301F-11D3-BF4B-00C04F79EFBC}") = "MovingButton", "MovingButton\lab2\MovingButton.csproj", "{F282B747-D395-4ED8-8010-9DE52F8D8E25}"
EndProject
Project("{FAE04EC0-301F-11D3-BF4B-00C04F79EFBC}") = "EmployeeManagement", "EmployeeManagement\EmployeeManagement.csproj", "{8841EC91-E499-4858-B392-B270C1A83884}"
EndProject
Project("{FAE04EC0-301F-11D3-BF4B-00C04F79EFBC}") = "Graphic editor", "Graphic editor\Graphic editor.csproj", "{8E37A4E0-E290-40CD-BD66-01BCD6F16F68}"
EndProject
Project("{FAE04EC0-301F-11D3-BF4B-00C04F79EFBC}") = "HorseRaces", "HorseRaces\HorseRaces.csproj", "{80D3A3D3-99CF-41B1-A981-8AC17C5740BF}"
EndProject
Project("{9A19103F-16F7-4668-BE54-9A1E7A4F7556}") = "HorseActivity", "HorseActivity\HorseActivity.csproj", "{A7F038B8-856C-4660-94F2-EAF077067A19}"
EndProject
Global
	GlobalSection(SolutionConfigurationPlatforms) = preSolution
		Debug|Any CPU = Debug|Any CPU
		Release|Any CPU = Release|Any CPU
	EndGlobalSection
	GlobalSection(ProjectConfigurationPlatforms) = postSolution
		{159751A7-3DA6-45C2-AC05-A5F0AA4C6040}.Debug|Any CPU.ActiveCfg = Debug|Any CPU
		{159751A7-3DA6-45C2-AC05-A5F0AA4C6040}.Debug|Any CPU.Build.0 = Debug|Any CPU
		{159751A7-3DA6-45C2-AC05-A5F0AA4C6040}.Release|Any CPU.ActiveCfg = Release|Any CPU
		{159751A7-3DA6-45C2-AC05-A5F0AA4C6040}.Release|Any CPU.Build.0 = Release|Any CPU
		{E86FD11D-9EB3-43A2-B76C-F07C148DFB8F}.Debug|Any CPU.ActiveCfg = Debug|Any CPU
		{E86FD11D-9EB3-43A2-B76C-F07C148DFB8F}.Debug|Any CPU.Build.0 = Debug|Any CPU
		{E86FD11D-9EB3-43A2-B76C-F07C148DFB8F}.Release|Any CPU.ActiveCfg = Release|Any CPU
		{E86FD11D-9EB3-43A2-B76C-F07C148DFB8F}.Release|Any CPU.Build.0 = Release|Any CPU
		{7F86EBC1-AC95-4AFE-9A4A-105EC14C0A5E}.Debug|Any CPU.ActiveCfg = Debug|Any CPU
		{7F86EBC1-AC95-4AFE-9A4A-105EC14C0A5E}.Debug|Any CPU.Build.0 = Debug|Any CPU
		{7F86EBC1-AC95-4AFE-9A4A-105EC14C0A5E}.Release|Any CPU.ActiveCfg = Release|Any CPU
		{7F86EBC1-AC95-4AFE-9A4A-105EC14C0A5E}.Release|Any CPU.Build.0 = Release|Any CPU
		{F282B747-D395-4ED8-8010-9DE52F8D8E25}.Debug|Any CPU.ActiveCfg = Debug|Any CPU
		{F282B747-D395-4ED8-8010-9DE52F8D8E25}.Debug|Any CPU.Build.0 = Debug|Any CPU
		{F282B747-D395-4ED8-8010-9DE52F8D8E25}.Release|Any CPU.ActiveCfg = Release|Any CPU
		{F282B747-D395-4ED8-8010-9DE52F8D8E25}.Release|Any CPU.Build.0 = Release|Any CPU
		{8841EC91-E499-4858-B392-B270C1A83884}.Debug|Any CPU.ActiveCfg = Debug|Any CPU
		{8841EC91-E499-4858-B392-B270C1A83884}.Debug|Any CPU.Build.0 = Debug|Any CPU
		{8841EC91-E499-4858-B392-B270C1A83884}.Release|Any CPU.ActiveCfg = Release|Any CPU
		{8841EC91-E499-4858-B392-B270C1A83884}.Release|Any CPU.Build.0 = Release|Any CPU
		{8E37A4E0-E290-40CD-BD66-01BCD6F16F68}.Debug|Any CPU.ActiveCfg = Debug|Any CPU
		{8E37A4E0-E290-40CD-BD66-01BCD6F16F68}.Debug|Any CPU.Build.0 = Debug|Any CPU
		{8E37A4E0-E290-40CD-BD66-01BCD6F16F68}.Release|Any CPU.ActiveCfg = Release|Any CPU
		{8E37A4E0-E290-40CD-BD66-01BCD6F16F68}.Release|Any CPU.Build.0 = Release|Any CPU
		{80D3A3D3-99CF-41B1-A981-8AC17C5740BF}.Debug|Any CPU.ActiveCfg = Debug|Any CPU
		{80D3A3D3-99CF-41B1-A981-8AC17C5740BF}.Debug|Any CPU.Build.0 = Debug|Any CPU
		{80D3A3D3-99CF-41B1-A981-8AC17C5740BF}.Release|Any CPU.ActiveCfg = Release|Any CPU
		{80D3A3D3-99CF-41B1-A981-8AC17C5740BF}.Release|Any CPU.Build.0 = Release|Any CPU
		{A7F038B8-856C-4660-94F2-EAF077067A19}.Debug|Any CPU.ActiveCfg = Debug|Any CPU
		{A7F038B8-856C-4660-94F2-EAF077067A19}.Debug|Any CPU.Build.0 = Debug|Any CPU
		{A7F038B8-856C-4660-94F2-EAF077067A19}.Release|Any CPU.ActiveCfg = Release|Any CPU
		{A7F038B8-856C-4660-94F2-EAF077067A19}.Release|Any CPU.Build.0 = Release|Any CPU
	EndGlobalSection
	GlobalSection(SolutionProperties) = preSolution
		HideSolutionNode = FALSE
	EndGlobalSection
	GlobalSection(ExtensibilityGlobals) = postSolution
		SolutionGuid = {6F32AA7E-103A-4445-ACF0-D544ADCD4F6F}
	EndGlobalSection
EndGlobal
